
Microsoft Visual Studio Solution File, Format Version 12.00
# Visual Studio Version 17
VisualStudioVersion = 17.8.34525.116
MinimumVisualStudioVersion = 10.0.40219.1
Project("{FAE04EC0-301F-11D3-BF4B-00C04F79EFBC}") = "DiplomWork", "DiplomWork\DiplomWork.csproj", "{833CD4F6-304A-4F2F-BE0E-A19E8B434501}"
EndProject
Global
	GlobalSection(SolutionConfigurationPlatforms) = preSolution
		Debug|Any CPU = Debug|Any CPU
		Release|Any CPU = Release|Any CPU
	EndGlobalSection
	GlobalSection(ProjectConfigurationPlatforms) = postSolution
		{833CD4F6-304A-4F2F-BE0E-A19E8B434501}.Debug|Any CPU.ActiveCfg = Debug|Any CPU
		{833CD4F6-304A-4F2F-BE0E-A19E8B434501}.Debug|Any CPU.Build.0 = Debug|Any CPU
		{833CD4F6-304A-4F2F-BE0E-A19E8B434501}.Release|Any CPU.ActiveCfg = Release|Any CPU
		{833CD4F6-304A-4F2F-BE0E-A19E8B434501}.Release|Any CPU.Build.0 = Release|Any CPU
	EndGlobalSection
	GlobalSection(SolutionProperties) = preSolution
		HideSolutionNode = FALSE
	EndGlobalSection
	GlobalSection(ExtensibilityGlobals) = postSolution
		SolutionGuid = {12639A6F-8C96-4A02-8F18-FCA6AF839936}
	EndGlobalSection
EndGlobal
